// !$*UTF8*$!
{
	archiveVersion = 1;
	classes = {
	};
	objectVersion = 77;
	objects = {

/* Begin PBXBuildFile section */
		80304054300EA74E0058B020 /* TransferZoneSheet.swift in Sources */ = {isa = PBXBuildFile; fileRef = 80304053300EA74E0058B020 /* TransferZoneSheet.swift */; };
		80325AB62FFEE5DC00308486 /* DiscoverView.swift in Sources */ = {isa = PBXBuildFile; fileRef = 80325AB02FFEE5DC00308486 /* DiscoverView.swift */; };
		80325AB72FFEE5DC00308486 /* LibraryView.swift in Sources */ = {isa = PBXBuildFile; fileRef = 80325AB12FFEE5DC00308486 /* LibraryView.swift */; };
		80325AB82FFEE5DC00308486 /* MiniPlayerView.swift in Sources */ = {isa = PBXBuildFile; fileRef = 80325AB22FFEE5DC00308486 /* MiniPlayerView.swift */; };
		80325AB92FFEE5DC00308486 /* Color+Theme.swift in Sources */ = {isa = PBXBuildFile; fileRef = 80325AAE2FFEE5DC00308486 /* Color+Theme.swift */; };
		80325ABA2FFEE5DC00308486 /* SettingsView.swift in Sources */ = {isa = PBXBuildFile; fileRef = 80325AB32FFEE5DC00308486 /* SettingsView.swift */; };
		80325ABB2FFEE5DC00308486 /* SorrivaApp.swift in Sources */ = {isa = PBXBuildFile; fileRef = 80325AB42FFEE5DC00308486 /* SorrivaApp.swift */; };
		80325ABC2FFEE5DC00308486 /* ContentView.swift in Sources */ = {isa = PBXBuildFile; fileRef = 80325AAF2FFEE5DC00308486 /* ContentView.swift */; };
		80325ABD2FFEE5DC00308486 /* ZonesView.swift in Sources */ = {isa = PBXBuildFile; fileRef = 80325AB52FFEE5DC00308486 /* ZonesView.swift */; };
		80325AC62FFF38A500308486 /* SonosDevice.swift in Sources */ = {isa = PBXBuildFile; fileRef = 80325AC42FFF38A500308486 /* SonosDevice.swift */; };
		80325AC72FFF38A500308486 /* ZoneDiscoveryService.swift in Sources */ = {isa = PBXBuildFile; fileRef = 80325AC52FFF38A500308486 /* ZoneDiscoveryService.swift */; };
		80325ACB3000860000308486 /* NowPlayingView.swift in Sources */ = {isa = PBXBuildFile; fileRef = 80325ACA3000860000308486 /* NowPlayingView.swift */; };
		80325ACD3000948400308486 /* VolumeControlView.swift in Sources */ = {isa = PBXBuildFile; fileRef = 80325ACC3000948400308486 /* VolumeControlView.swift */; };
		80325ACF3000A29D00308486 /* RadioStationBrowser.swift in Sources */ = {isa = PBXBuildFile; fileRef = 80325ACE3000A29D00308486 /* RadioStationBrowser.swift */; };
		80325AD13000AC1800308486 /* EQSheet.swift in Sources */ = {isa = PBXBuildFile; fileRef = 80325AD03000AC1800308486 /* EQSheet.swift */; };
		80325AD33000B02B00308486 /* SorrivaWordmark.swift in Sources */ = {isa = PBXBuildFile; fileRef = 80325AD23000B02B00308486 /* SorrivaWordmark.swift */; };
		80325AD53000B03500308486 /* SplashView.swift in Sources */ = {isa = PBXBuildFile; fileRef = 80325AD43000B03500308486 /* SplashView.swift */; };
		80325AD83001436B00308486 /* GRDB in Frameworks */ = {isa = PBXBuildFile; productRef = 80325AD73001436B00308486 /* GRDB */; };
		80325AE2300147C200308486 /* DatabaseModels.swift in Sources */ = {isa = PBXBuildFile; fileRef = 80325AE0300147C200308486 /* DatabaseModels.swift */; };
		80325AE3300147C200308486 /* SorrivaDatabase.swift in Sources */ = {isa = PBXBuildFile; fileRef = 80325AE1300147C200308486 /* SorrivaDatabase.swift */; };
		80325AFE3003C8F200308486 /* IHeartServiceView.swift in Sources */ = {isa = PBXBuildFile; fileRef = 80325AFB3003C8F200308486 /* IHeartServiceView.swift */; };
		80325AFF3003C8F200308486 /* IHeartStationBrowserView.swift in Sources */ = {isa = PBXBuildFile; fileRef = 80325AFC3003C8F200308486 /* IHeartStationBrowserView.swift */; };
		80325B003003C8F200308486 /* SomaFMServiceView.swift in Sources */ = {isa = PBXBuildFile; fileRef = 80325AFD3003C8F200308486 /* SomaFMServiceView.swift */; };
		80325B023003D51000308486 /* LocalLibraryView.swift in Sources */ = {isa = PBXBuildFile; fileRef = 80325B013003D51000308486 /* LocalLibraryView.swift */; };
		80325B1930043EE300308486 /* AddSMBSourceView.swift in Sources */ = {isa = PBXBuildFile; fileRef = 80325B1830043EE300308486 /* AddSMBSourceView.swift */; };
		805A16BD3004886100AF3100 /* LocalFilesPickerView.swift in Sources */ = {isa = PBXBuildFile; fileRef = 805A16BC3004886100AF3100 /* LocalFilesPickerView.swift */; };
		805A16BF3005292E00AF3100 /* SMBScanner.swift in Sources */ = {isa = PBXBuildFile; fileRef = 805A16BE3005292E00AF3100 /* SMBScanner.swift */; };
		805A16C130052B0B00AF3100 /* ScanCoordinator.swift in Sources */ = {isa = PBXBuildFile; fileRef = 805A16C030052B0B00AF3100 /* ScanCoordinator.swift */; };
		805A16C33005AD5600AF3100 /* ArtworkCache.swift in Sources */ = {isa = PBXBuildFile; fileRef = 805A16C23005AD5600AF3100 /* ArtworkCache.swift */; };
		805A16C83005AEC600AF3100 /* ArtistsView.swift in Sources */ = {isa = PBXBuildFile; fileRef = 805A16C63005AEC600AF3100 /* ArtistsView.swift */; };
		805A16C93005AEC600AF3100 /* AlbumsView.swift in Sources */ = {isa = PBXBuildFile; fileRef = 805A16C53005AEC600AF3100 /* AlbumsView.swift */; };
		805A16CA3005AEC600AF3100 /* AlbumDetailView.swift in Sources */ = {isa = PBXBuildFile; fileRef = 805A16C43005AEC600AF3100 /* AlbumDetailView.swift */; };
		805A16CB3005AEC600AF3100 /* TracksView.swift in Sources */ = {isa = PBXBuildFile; fileRef = 805A16C73005AEC600AF3100 /* TracksView.swift */; };
		805A16CD3005DC1600AF3100 /* SorrivaContextMenu.swift in Sources */ = {isa = PBXBuildFile; fileRef = 805A16CC3005DC1600AF3100 /* SorrivaContextMenu.swift */; };
		805A16D03006B1BA00AF3100 /* SMBClient in Frameworks */ = {isa = PBXBuildFile; productRef = 805A16CF3006B1BA00AF3100 /* SMBClient */; };
		805A16D63006BAE200AF3100 /* SMBClient in Frameworks */ = {isa = PBXBuildFile; productRef = 805A16D53006BAE200AF3100 /* SMBClient */; };
		805A16D93006BD4D00AF3100 /* SMBClient in Frameworks */ = {isa = PBXBuildFile; productRef = 805A16D83006BD4D00AF3100 /* SMBClient */; };
		805A16DD30073D9200AF3100 /* SorrivaDatabase+HTTPServer.swift in Sources */ = {isa = PBXBuildFile; fileRef = 805A16DB30073D9200AF3100 /* SorrivaDatabase+HTTPServer.swift */; };
		805A16DE30073D9200AF3100 /* SorrivaHTTPServer.swift in Sources */ = {isa = PBXBuildFile; fileRef = 805A16DC30073D9200AF3100 /* SorrivaHTTPServer.swift */; };
		805A16E53007403E00AF3100 /* Telegraph in Frameworks */ = {isa = PBXBuildFile; productRef = 805A16E43007403E00AF3100 /* Telegraph */; };
		805A16E73007B30400AF3100 /* ZonePickerSheet.swift in Sources */ = {isa = PBXBuildFile; fileRef = 805A16E63007B30400AF3100 /* ZonePickerSheet.swift */; };
		805A16E93007B35300AF3100 /* LocalPlaybackService.swift in Sources */ = {isa = PBXBuildFile; fileRef = 805A16E83007B35300AF3100 /* LocalPlaybackService.swift */; };
		805A16EB300840D800AF3100 /* SorrivaTabBar.swift in Sources */ = {isa = PBXBuildFile; fileRef = 805A16EA300840D800AF3100 /* SorrivaTabBar.swift */; };
		805A16ED30085C4000AF3100 /* CachedAsyncImage.swift in Sources */ = {isa = PBXBuildFile; fileRef = 805A16EC30085C4000AF3100 /* CachedAsyncImage.swift */; };
		805A16EF300A7D3D00AF3100 /* SorrivaLogger.swift in Sources */ = {isa = PBXBuildFile; fileRef = 805A16EE300A7D3D00AF3100 /* SorrivaLogger.swift */; };
		805A170C300BB5E100AF3100 /* ScanRetryScheduler.swift in Sources */ = {isa = PBXBuildFile; fileRef = 805A170B300BB5E100AF3100 /* ScanRetryScheduler.swift */; };
		805A1729300D16DF00AF3100 /* PlaybackContextService.swift in Sources */ = {isa = PBXBuildFile; fileRef = 805A1728300D16DF00AF3100 /* PlaybackContextService.swift */; };
		80E293E2301143DB0031E31D /* BackupView.swift in Sources */ = {isa = PBXBuildFile; fileRef = 80E293E1301143DB0031E31D /* BackupView.swift */; };
		80E293E530114DAA0031E31D /* ZIPFoundation in Frameworks */ = {isa = PBXBuildFile; productRef = 80E293E430114DAA0031E31D /* ZIPFoundation */; };
/* End PBXBuildFile section */

/* Begin PBXCopyFilesBuildPhase section */
		80325B1E3004402100308486 /* Embed Frameworks */ = {
			isa = PBXCopyFilesBuildPhase;
			buildActionMask = 2147483647;
			dstPath = "";
			dstSubfolderSpec = 10;
			files = (
			);
			name = "Embed Frameworks";
			runOnlyForDeploymentPostprocessing = 0;
		};
/* End PBXCopyFilesBuildPhase section */

/* Begin PBXFileReference section */
		80304053300EA74E0058B020 /* TransferZoneSheet.swift */ = {isa = PBXFileReference; lastKnownFileType = sourcecode.swift; path = TransferZoneSheet.swift; sourceTree = "<group>"; };
		80325AA02FFED8DE00308486 /* Sorriva.app */ = {isa = PBXFileReference; explicitFileType = wrapper.application; includeInIndex = 0; path = Sorriva.app; sourceTree = BUILT_PRODUCTS_DIR; };
		80325AAE2FFEE5DC00308486 /* Color+Theme.swift */ = {isa = PBXFileReference; lastKnownFileType = sourcecode.swift; path = "Color+Theme.swift"; sourceTree = "<group>"; };
		80325AAF2FFEE5DC00308486 /* ContentView.swift */ = {isa = PBXFileReference; lastKnownFileType = sourcecode.swift; path = ContentView.swift; sourceTree = "<group>"; };
		80325AB02FFEE5DC00308486 /* DiscoverView.swift */ = {isa = PBXFileReference; lastKnownFileType = sourcecode.swift; path = DiscoverView.swift; sourceTree = "<group>"; };
		80325AB12FFEE5DC00308486 /* LibraryView.swift */ = {isa = PBXFileReference; lastKnownFileType = sourcecode.swift; path = LibraryView.swift; sourceTree = "<group>"; };
		80325AB22FFEE5DC00308486 /* MiniPlayerView.swift */ = {isa = PBXFileReference; lastKnownFileType = sourcecode.swift; path = MiniPlayerView.swift; sourceTree = "<group>"; };
		80325AB32FFEE5DC00308486 /* SettingsView.swift */ = {isa = PBXFileReference; lastKnownFileType = sourcecode.swift; path = SettingsView.swift; sourceTree = "<group>"; };
		80325AB42FFEE5DC00308486 /* SorrivaApp.swift */ = {isa = PBXFileReference; lastKnownFileType = sourcecode.swift; path = SorrivaApp.swift; sourceTree = "<group>"; };
		80325AB52FFEE5DC00308486 /* ZonesView.swift */ = {isa = PBXFileReference; lastKnownFileType = sourcecode.swift; path = ZonesView.swift; sourceTree = "<group>"; };
		80325AC42FFF38A500308486 /* SonosDevice.swift */ = {isa = PBXFileReference; lastKnownFileType = sourcecode.swift; path = SonosDevice.swift; sourceTree = "<group>"; };
		80325AC52FFF38A500308486 /* ZoneDiscoveryService.swift */ = {isa = PBXFileReference; lastKnownFileType = sourcecode.swift; path = ZoneDiscoveryService.swift; sourceTree = "<group>"; };
		80325ACA3000860000308486 /* NowPlayingView.swift */ = {isa = PBXFileReference; lastKnownFileType = sourcecode.swift; path = NowPlayingView.swift; sourceTree = "<group>"; };
		80325ACC3000948400308486 /* VolumeControlView.swift */ = {isa = PBXFileReference; lastKnownFileType = sourcecode.swift; path = VolumeControlView.swift; sourceTree = "<group>"; };
		80325ACE3000A29D00308486 /* RadioStationBrowser.swift */ = {isa = PBXFileReference; lastKnownFileType = sourcecode.swift; path = RadioStationBrowser.swift; sourceTree = "<group>"; };
		80325AD03000AC1800308486 /* EQSheet.swift */ = {isa = PBXFileReference; lastKnownFileType = sourcecode.swift; path = EQSheet.swift; sourceTree = "<group>"; };
		80325AD23000B02B00308486 /* SorrivaWordmark.swift */ = {isa = PBXFileReference; lastKnownFileType = sourcecode.swift; path = SorrivaWordmark.swift; sourceTree = "<group>"; };
		80325AD43000B03500308486 /* SplashView.swift */ = {isa = PBXFileReference; lastKnownFileType = sourcecode.swift; path = SplashView.swift; sourceTree = "<group>"; };
		80325AE0300147C200308486 /* DatabaseModels.swift */ = {isa = PBXFileReference; lastKnownFileType = sourcecode.swift; path = DatabaseModels.swift; sourceTree = "<group>"; };
		80325AE1300147C200308486 /* SorrivaDatabase.swift */ = {isa = PBXFileReference; lastKnownFileType = sourcecode.swift; path = SorrivaDatabase.swift; sourceTree = "<group>"; };
		80325AFB3003C8F200308486 /* IHeartServiceView.swift */ = {isa = PBXFileReference; lastKnownFileType = sourcecode.swift; path = IHeartServiceView.swift; sourceTree = "<group>"; };
		80325AFC3003C8F200308486 /* IHeartStationBrowserView.swift */ = {isa = PBXFileReference; lastKnownFileType = sourcecode.swift; path = IHeartStationBrowserView.swift; sourceTree = "<group>"; };
		80325AFD3003C8F200308486 /* SomaFMServiceView.swift */ = {isa = PBXFileReference; lastKnownFileType = sourcecode.swift; path = SomaFMServiceView.swift; sourceTree = "<group>"; };
		80325B013003D51000308486 /* LocalLibraryView.swift */ = {isa = PBXFileReference; lastKnownFileType = sourcecode.swift; path = LocalLibraryView.swift; sourceTree = "<group>"; };
		80325B1830043EE300308486 /* AddSMBSourceView.swift */ = {isa = PBXFileReference; lastKnownFileType = sourcecode.swift; path = AddSMBSourceView.swift; sourceTree = "<group>"; };
		805A16BC3004886100AF3100 /* LocalFilesPickerView.swift */ = {isa = PBXFileReference; lastKnownFileType = sourcecode.swift; path = LocalFilesPickerView.swift; sourceTree = "<group>"; };
		805A16BE3005292E00AF3100 /* SMBScanner.swift */ = {isa = PBXFileReference; lastKnownFileType = sourcecode.swift; path = SMBScanner.swift; sourceTree = "<group>"; };
		805A16C030052B0B00AF3100 /* ScanCoordinator.swift */ = {isa = PBXFileReference; lastKnownFileType = sourcecode.swift; path = ScanCoordinator.swift; sourceTree = "<group>"; };
		805A16C23005AD5600AF3100 /* ArtworkCache.swift */ = {isa = PBXFileReference; lastKnownFileType = sourcecode.swift; path = ArtworkCache.swift; sourceTree = "<group>"; };
		805A16C43005AEC600AF3100 /* AlbumDetailView.swift */ = {isa = PBXFileReference; lastKnownFileType = sourcecode.swift; path = AlbumDetailView.swift; sourceTree = "<group>"; };
		805A16C53005AEC600AF3100 /* AlbumsView.swift */ = {isa = PBXFileReference; lastKnownFileType = sourcecode.swift; path = AlbumsView.swift; sourceTree = "<group>"; };
		805A16C63005AEC600AF3100 /* ArtistsView.swift */ = {isa = PBXFileReference; lastKnownFileType = sourcecode.swift; path = ArtistsView.swift; sourceTree = "<group>"; };
		805A16C73005AEC600AF3100 /* TracksView.swift */ = {isa = PBXFileReference; lastKnownFileType = sourcecode.swift; path = TracksView.swift; sourceTree = "<group>"; };
		805A16CC3005DC1600AF3100 /* SorrivaContextMenu.swift */ = {isa = PBXFileReference; lastKnownFileType = sourcecode.swift; path = SorrivaContextMenu.swift; sourceTree = "<group>"; };
		805A16DB30073D9200AF3100 /* SorrivaDatabase+HTTPServer.swift */ = {isa = PBXFileReference; lastKnownFileType = sourcecode.swift; path = "SorrivaDatabase+HTTPServer.swift"; sourceTree = "<group>"; };
		805A16DC30073D9200AF3100 /* SorrivaHTTPServer.swift */ = {isa = PBXFileReference; lastKnownFileType = sourcecode.swift; path = SorrivaHTTPServer.swift; sourceTree = "<group>"; };
		805A16E63007B30400AF3100 /* ZonePickerSheet.swift */ = {isa = PBXFileReference; lastKnownFileType = sourcecode.swift; path = ZonePickerSheet.swift; sourceTree = "<group>"; };
		805A16E83007B35300AF3100 /* LocalPlaybackService.swift */ = {isa = PBXFileReference; lastKnownFileType = sourcecode.swift; path = LocalPlaybackService.swift; sourceTree = "<group>"; };
		805A16EA300840D800AF3100 /* SorrivaTabBar.swift */ = {isa = PBXFileReference; lastKnownFileType = sourcecode.swift; path = SorrivaTabBar.swift; sourceTree = "<group>"; };
		805A16EC30085C4000AF3100 /* CachedAsyncImage.swift */ = {isa = PBXFileReference; lastKnownFileType = sourcecode.swift; path = CachedAsyncImage.swift; sourceTree = "<group>"; };
		805A16EE300A7D3D00AF3100 /* SorrivaLogger.swift */ = {isa = PBXFileReference; lastKnownFileType = sourcecode.swift; path = SorrivaLogger.swift; sourceTree = "<group>"; };
		805A170B300BB5E100AF3100 /* ScanRetryScheduler.swift */ = {isa = PBXFileReference; lastKnownFileType = sourcecode.swift; path = ScanRetryScheduler.swift; sourceTree = "<group>"; };
		805A170F300C669600AF3100 /* Assets.xcassets */ = {isa = PBXFileReference; lastKnownFileType = folder.assetcatalog; path = Assets.xcassets; sourceTree = "<group>"; };
		805A1710300C669600AF3100 /* Info.plist */ = {isa = PBXFileReference; lastKnownFileType = text.plist.xml; path = Info.plist; sourceTree = "<group>"; };
		805A1711300C669600AF3100 /* PrivacyInfo.xcprivacy */ = {isa = PBXFileReference; lastKnownFileType = text.xml; path = PrivacyInfo.xcprivacy; sourceTree = "<group>"; };
		805A1728300D16DF00AF3100 /* PlaybackContextService.swift */ = {isa = PBXFileReference; lastKnownFileType = sourcecode.swift; path = PlaybackContextService.swift; sourceTree = "<group>"; };
		80E293E1301143DB0031E31D /* BackupView.swift */ = {isa = PBXFileReference; lastKnownFileType = sourcecode.swift; path = BackupView.swift; sourceTree = "<group>"; };
/* End PBXFileReference section */

/* Begin PBXFileSystemSynchronizedBuildFileExceptionSet section */
		80325AC92FFF398200308486 /* Exceptions for "Sorriva" folder in "Sorriva" target */ = {
			isa = PBXFileSystemSynchronizedBuildFileExceptionSet;
			membershipExceptions = (
				Info.plist,
			);
			target = 80325A9F2FFED8DE00308486 /* Sorriva */;
		};
/* End PBXFileSystemSynchronizedBuildFileExceptionSet section */

/* Begin PBXFileSystemSynchronizedRootGroup section */
		80325AA22FFED8DE00308486 /* Sorriva */ = {
			isa = PBXFileSystemSynchronizedRootGroup;
			exceptions = (
				80325AC92FFF398200308486 /* Exceptions for "Sorriva" folder in "Sorriva" target */,
			);
			path = Sorriva;
			sourceTree = "<group>";
		};
/* End PBXFileSystemSynchronizedRootGroup section */

/* Begin PBXFrameworksBuildPhase section */
		80325A9D2FFED8DE00308486 /* Frameworks */ = {
			isa = PBXFrameworksBuildPhase;
			buildActionMask = 2147483647;
			files = (
				805A16D63006BAE200AF3100 /* SMBClient in Frameworks */,
				805A16D03006B1BA00AF3100 /* SMBClient in Frameworks */,
				805A16D93006BD4D00AF3100 /* SMBClient in Frameworks */,
				80325AD83001436B00308486 /* GRDB in Frameworks */,
				805A16E53007403E00AF3100 /* Telegraph in Frameworks */,
				80E293E530114DAA0031E31D /* ZIPFoundation in Frameworks */,
			);
			runOnlyForDeploymentPostprocessing = 0;
		};
/* End PBXFrameworksBuildPhase section */

/* Begin PBXGroup section */
		80325A972FFED8DE00308486 = {
			isa = PBXGroup;
			children = (
				80E293E1301143DB0031E31D /* BackupView.swift */,
				80304053300EA74E0058B020 /* TransferZoneSheet.swift */,
				805A1728300D16DF00AF3100 /* PlaybackContextService.swift */,
				805A1712300C669600AF3100 /* Sorriva */,
				805A170B300BB5E100AF3100 /* ScanRetryScheduler.swift */,
				805A16EE300A7D3D00AF3100 /* SorrivaLogger.swift */,
				805A16EC30085C4000AF3100 /* CachedAsyncImage.swift */,
				805A16EA300840D800AF3100 /* SorrivaTabBar.swift */,
				805A16E83007B35300AF3100 /* LocalPlaybackService.swift */,
				805A16E63007B30400AF3100 /* ZonePickerSheet.swift */,
				805A16DB30073D9200AF3100 /* SorrivaDatabase+HTTPServer.swift */,
				805A16DC30073D9200AF3100 /* SorrivaHTTPServer.swift */,
				805A16CC3005DC1600AF3100 /* SorrivaContextMenu.swift */,
				805A16C23005AD5600AF3100 /* ArtworkCache.swift */,
				805A16BE3005292E00AF3100 /* SMBScanner.swift */,
				805A16C030052B0B00AF3100 /* ScanCoordinator.swift */,
				805A16BC3004886100AF3100 /* LocalFilesPickerView.swift */,
				80325B1830043EE300308486 /* AddSMBSourceView.swift */,
				80325B013003D51000308486 /* LocalLibraryView.swift */,
				80325AFB3003C8F200308486 /* IHeartServiceView.swift */,
				80325AFC3003C8F200308486 /* IHeartStationBrowserView.swift */,
				80325AFD3003C8F200308486 /* SomaFMServiceView.swift */,
				80325AE0300147C200308486 /* DatabaseModels.swift */,
				80325AE1300147C200308486 /* SorrivaDatabase.swift */,
				80325AD43000B03500308486 /* SplashView.swift */,
				80325AD23000B02B00308486 /* SorrivaWordmark.swift */,
				80325AD03000AC1800308486 /* EQSheet.swift */,
				80325ACE3000A29D00308486 /* RadioStationBrowser.swift */,
				805A16C43005AEC600AF3100 /* AlbumDetailView.swift */,
				805A16C53005AEC600AF3100 /* AlbumsView.swift */,
				805A16C63005AEC600AF3100 /* ArtistsView.swift */,
				805A16C73005AEC600AF3100 /* TracksView.swift */,
				80325ACC3000948400308486 /* VolumeControlView.swift */,
				80325ACA3000860000308486 /* NowPlayingView.swift */,
				80325AC42FFF38A500308486 /* SonosDevice.swift */,
				80325AC52FFF38A500308486 /* ZoneDiscoveryService.swift */,
				80325AAE2FFEE5DC00308486 /* Color+Theme.swift */,
				80325AAF2FFEE5DC00308486 /* ContentView.swift */,
				80325AB02FFEE5DC00308486 /* DiscoverView.swift */,
				80325AB12FFEE5DC00308486 /* LibraryView.swift */,
				80325AB22FFEE5DC00308486 /* MiniPlayerView.swift */,
				80325AB32FFEE5DC00308486 /* SettingsView.swift */,
				80325AB42FFEE5DC00308486 /* SorrivaApp.swift */,
				80325AB52FFEE5DC00308486 /* ZonesView.swift */,
				80325AA22FFED8DE00308486 /* Sorriva */,
				80325ADB3001461600308486 /* Frameworks */,
				80325AA12FFED8DE00308486 /* Products */,
			);
			sourceTree = "<group>";
		};
		80325AA12FFED8DE00308486 /* Products */ = {
			isa = PBXGroup;
			children = (
				80325AA02FFED8DE00308486 /* Sorriva.app */,
			);
			name = Products;
			sourceTree = "<group>";
		};
		80325ADB3001461600308486 /* Frameworks */ = {
			isa = PBXGroup;
			children = (
			);
			name = Frameworks;
			sourceTree = "<group>";
		};
		805A1712300C669600AF3100 /* Sorriva */ = {
			isa = PBXGroup;
			children = (
				805A170F300C669600AF3100 /* Assets.xcassets */,
				805A1710300C669600AF3100 /* Info.plist */,
				805A1711300C669600AF3100 /* PrivacyInfo.xcprivacy */,
			);
			path = Sorriva;
			sourceTree = "<group>";
		};
/* End PBXGroup section */

/* Begin PBXNativeTarget section */
		80325A9F2FFED8DE00308486 /* Sorriva */ = {
			isa = PBXNativeTarget;
			buildConfigurationList = 80325AAB2FFED8DF00308486 /* Build configuration list for PBXNativeTarget "Sorriva" */;
			buildPhases = (
				80325A9C2FFED8DE00308486 /* Sources */,
				80325A9D2FFED8DE00308486 /* Frameworks */,
				80325A9E2FFED8DE00308486 /* Resources */,
				80325B1E3004402100308486 /* Embed Frameworks */,
			);
			buildRules = (
			);
			dependencies = (
			);
			fileSystemSynchronizedGroups = (
				80325AA22FFED8DE00308486 /* Sorriva */,
			);
			name = Sorriva;
			packageProductDependencies = (
				80325AD73001436B00308486 /* GRDB */,
				805A16CF3006B1BA00AF3100 /* SMBClient */,
				805A16D53006BAE200AF3100 /* SMBClient */,
				805A16D83006BD4D00AF3100 /* SMBClient */,
				805A16E43007403E00AF3100 /* Telegraph */,
				80E293E430114DAA0031E31D /* ZIPFoundation */,
			);
			productName = Sorriva;
			productReference = 80325AA02FFED8DE00308486 /* Sorriva.app */;
			productType = "com.apple.product-type.application";
		};
/* End PBXNativeTarget section */

/* Begin PBXProject section */
		80325A982FFED8DE00308486 /* Project object */ = {
			isa = PBXProject;
			attributes = {
				BuildIndependentTargetsInParallel = 1;
				LastSwiftUpdateCheck = 2660;
				LastUpgradeCheck = 2660;
				TargetAttributes = {
					80325A9F2FFED8DE00308486 = {
						CreatedOnToolsVersion = 26.6;
					};
				};
			};
			buildConfigurationList = 80325A9B2FFED8DE00308486 /* Build configuration list for PBXProject "Sorriva" */;
			developmentRegion = en;
			hasScannedForEncodings = 0;
			knownRegions = (
				en,
				Base,
			);
			mainGroup = 80325A972FFED8DE00308486;
			minimizedProjectReferenceProxies = 1;
			packageReferences = (
				80325AD63001436B00308486 /* XCRemoteSwiftPackageReference "GRDB" */,
				805A16D73006BD4D00AF3100 /* XCRemoteSwiftPackageReference "SMBClient" */,
				805A16E33007403E00AF3100 /* XCRemoteSwiftPackageReference "Telegraph" */,
				80E293E330114DAA0031E31D /* XCRemoteSwiftPackageReference "ZIPFoundation" */,
			);
			preferredProjectObjectVersion = 77;
			productRefGroup = 80325AA12FFED8DE00308486 /* Products */;
			projectDirPath = "";
			projectRoot = "";
			targets = (
				80325A9F2FFED8DE00308486 /* Sorriva */,
			);
		};
/* End PBXProject section */

/* Begin PBXResourcesBuildPhase section */
		80325A9E2FFED8DE00308486 /* Resources */ = {
			isa = PBXResourcesBuildPhase;
			buildActionMask = 2147483647;
			files = (
			);
			runOnlyForDeploymentPostprocessing = 0;
		};
/* End PBXResourcesBuildPhase section */

/* Begin PBXSourcesBuildPhase section */
		80325A9C2FFED8DE00308486 /* Sources */ = {
			isa = PBXSourcesBuildPhase;
			buildActionMask = 2147483647;
			files = (
				80325ACF3000A29D00308486 /* RadioStationBrowser.swift in Sources */,
				80325AD53000B03500308486 /* SplashView.swift in Sources */,
				80325AE2300147C200308486 /* DatabaseModels.swift in Sources */,
				80325AE3300147C200308486 /* SorrivaDatabase.swift in Sources */,
				80304054300EA74E0058B020 /* TransferZoneSheet.swift in Sources */,
				805A16BD3004886100AF3100 /* LocalFilesPickerView.swift in Sources */,
				80325AD13000AC1800308486 /* EQSheet.swift in Sources */,
				80325AB62FFEE5DC00308486 /* DiscoverView.swift in Sources */,
				80325AB72FFEE5DC00308486 /* LibraryView.swift in Sources */,
				805A16ED30085C4000AF3100 /* CachedAsyncImage.swift in Sources */,
				80325AB82FFEE5DC00308486 /* MiniPlayerView.swift in Sources */,
				805A16E73007B30400AF3100 /* ZonePickerSheet.swift in Sources */,
				805A16DD30073D9200AF3100 /* SorrivaDatabase+HTTPServer.swift in Sources */,
				805A16DE30073D9200AF3100 /* SorrivaHTTPServer.swift in Sources */,
				80325AB92FFEE5DC00308486 /* Color+Theme.swift in Sources */,
				80325AD33000B02B00308486 /* SorrivaWordmark.swift in Sources */,
				80325AFE3003C8F200308486 /* IHeartServiceView.swift in Sources */,
				80325AFF3003C8F200308486 /* IHeartStationBrowserView.swift in Sources */,
				805A16EF300A7D3D00AF3100 /* SorrivaLogger.swift in Sources */,
				805A16E93007B35300AF3100 /* LocalPlaybackService.swift in Sources */,
				80325B1930043EE300308486 /* AddSMBSourceView.swift in Sources */,
				80325B003003C8F200308486 /* SomaFMServiceView.swift in Sources */,
				805A16BF3005292E00AF3100 /* SMBScanner.swift in Sources */,
				80325ACB3000860000308486 /* NowPlayingView.swift in Sources */,
				80325ABA2FFEE5DC00308486 /* SettingsView.swift in Sources */,
				80325ACD3000948400308486 /* VolumeControlView.swift in Sources */,
				80E293E2301143DB0031E31D /* BackupView.swift in Sources */,
				805A16CD3005DC1600AF3100 /* SorrivaContextMenu.swift in Sources */,
				80325B023003D51000308486 /* LocalLibraryView.swift in Sources */,
				805A16C83005AEC600AF3100 /* ArtistsView.swift in Sources */,
				805A16C93005AEC600AF3100 /* AlbumsView.swift in Sources */,
				805A170C300BB5E100AF3100 /* ScanRetryScheduler.swift in Sources */,
				805A1729300D16DF00AF3100 /* PlaybackContextService.swift in Sources */,
				805A16CA3005AEC600AF3100 /* AlbumDetailView.swift in Sources */,
				805A16CB3005AEC600AF3100 /* TracksView.swift in Sources */,
				805A16EB300840D800AF3100 /* SorrivaTabBar.swift in Sources */,
				80325ABB2FFEE5DC00308486 /* SorrivaApp.swift in Sources */,
				805A16C130052B0B00AF3100 /* ScanCoordinator.swift in Sources */,
				805A16C33005AD5600AF3100 /* ArtworkCache.swift in Sources */,
				80325ABC2FFEE5DC00308486 /* ContentView.swift in Sources */,
				80325AC62FFF38A500308486 /* SonosDevice.swift in Sources */,
				80325AC72FFF38A500308486 /* ZoneDiscoveryService.swift in Sources */,
				80325ABD2FFEE5DC00308486 /* ZonesView.swift in Sources */,
			);
			runOnlyForDeploymentPostprocessing = 0;
		};
/* End PBXSourcesBuildPhase section */

/* Begin XCBuildConfiguration section */
		80325AA92FFED8DF00308486 /* Debug */ = {
			isa = XCBuildConfiguration;
			buildSettings = {
				ALWAYS_SEARCH_USER_PATHS = NO;
				ASSETCATALOG_COMPILER_GENERATE_SWIFT_ASSET_SYMBOL_EXTENSIONS = YES;
				CLANG_ANALYZER_NONNULL = YES;
				CLANG_ANALYZER_NUMBER_OBJECT_CONVERSION = YES_AGGRESSIVE;
				CLANG_CXX_LANGUAGE_STANDARD = "gnu++20";
				CLANG_ENABLE_MODULES = YES;
				CLANG_ENABLE_OBJC_ARC = YES;
				CLANG_ENABLE_OBJC_WEAK = YES;
				CLANG_WARN_BLOCK_CAPTURE_AUTORELEASING = YES;
				CLANG_WARN_BOOL_CONVERSION = YES;
				CLANG_WARN_COMMA = YES;
				CLANG_WARN_CONSTANT_CONVERSION = YES;
				CLANG_WARN_DEPRECATED_OBJC_IMPLEMENTATIONS = YES;
				CLANG_WARN_DIRECT_OBJC_ISA_USAGE = YES_ERROR;
				CLANG_WARN_DOCUMENTATION_COMMENTS = YES;
				CLANG_WARN_EMPTY_BODY = YES;
				CLANG_WARN_ENUM_CONVERSION = YES;
				CLANG_WARN_INFINITE_RECURSION = YES;
				CLANG_WARN_INT_CONVERSION = YES;
				CLANG_WARN_NON_LITERAL_NULL_CONVERSION = YES;
				CLANG_WARN_OBJC_IMPLICIT_RETAIN_SELF = YES;
				CLANG_WARN_OBJC_LITERAL_CONVERSION = YES;
				CLANG_WARN_OBJC_ROOT_CLASS = YES_ERROR;
				CLANG_WARN_QUOTED_INCLUDE_IN_FRAMEWORK_HEADER = YES;
				CLANG_WARN_RANGE_LOOP_ANALYSIS = YES;
				CLANG_WARN_STRICT_PROTOTYPES = YES;
				CLANG_WARN_SUSPICIOUS_MOVE = YES;
				CLANG_WARN_UNGUARDED_AVAILABILITY = YES_AGGRESSIVE;
				CLANG_WARN_UNREACHABLE_CODE = YES;
				CLANG_WARN__DUPLICATE_METHOD_MATCH = YES;
				COPY_PHASE_STRIP = NO;
				DEBUG_INFORMATION_FORMAT = dwarf;
				DEVELOPMENT_TEAM = RXKPBV2A4D;
				ENABLE_STRICT_OBJC_MSGSEND = YES;
				ENABLE_TESTABILITY = YES;
				ENABLE_USER_SCRIPT_SANDBOXING = YES;
				GCC_C_LANGUAGE_STANDARD = gnu17;
				GCC_DYNAMIC_NO_PIC = NO;
				GCC_NO_COMMON_BLOCKS = YES;
				GCC_OPTIMIZATION_LEVEL = 0;
				GCC_PREPROCESSOR_DEFINITIONS = (
					"DEBUG=1",
					"$(inherited)",
				);
				GCC_WARN_64_TO_32_BIT_CONVERSION = YES;
				GCC_WARN_ABOUT_RETURN_TYPE = YES_ERROR;
				GCC_WARN_UNDECLARED_SELECTOR = YES;
				GCC_WARN_UNINITIALIZED_AUTOS = YES_AGGRESSIVE;
				GCC_WARN_UNUSED_FUNCTION = YES;
				GCC_WARN_UNUSED_VARIABLE = YES;
				IPHONEOS_DEPLOYMENT_TARGET = 26.5;
				LOCALIZATION_PREFERS_STRING_CATALOGS = YES;
				MTL_ENABLE_DEBUG_INFO = INCLUDE_SOURCE;
				MTL_FAST_MATH = YES;
				ONLY_ACTIVE_ARCH = YES;
				SDKROOT = iphoneos;
				SWIFT_ACTIVE_COMPILATION_CONDITIONS = "DEBUG $(inherited)";
				SWIFT_OPTIMIZATION_LEVEL = "-Onone";
			};
			name = Debug;
		};
		80325AAA2FFED8DF00308486 /* Release */ = {
			isa = XCBuildConfiguration;
			buildSettings = {
				ALWAYS_SEARCH_USER_PATHS = NO;
				ASSETCATALOG_COMPILER_GENERATE_SWIFT_ASSET_SYMBOL_EXTENSIONS = YES;
				CLANG_ANALYZER_NONNULL = YES;
				CLANG_ANALYZER_NUMBER_OBJECT_CONVERSION = YES_AGGRESSIVE;
				CLANG_CXX_LANGUAGE_STANDARD = "gnu++20";
				CLANG_ENABLE_MODULES = YES;
				CLANG_ENABLE_OBJC_ARC = YES;
				CLANG_ENABLE_OBJC_WEAK = YES;
				CLANG_WARN_BLOCK_CAPTURE_AUTORELEASING = YES;
				CLANG_WARN_BOOL_CONVERSION = YES;
				CLANG_WARN_COMMA = YES;
				CLANG_WARN_CONSTANT_CONVERSION = YES;
				CLANG_WARN_DEPRECATED_OBJC_IMPLEMENTATIONS = YES;
				CLANG_WARN_DIRECT_OBJC_ISA_USAGE = YES_ERROR;
				CLANG_WARN_DOCUMENTATION_COMMENTS = YES;
				CLANG_WARN_EMPTY_BODY = YES;
				CLANG_WARN_ENUM_CONVERSION = YES;
				CLANG_WARN_INFINITE_RECURSION = YES;
				CLANG_WARN_INT_CONVERSION = YES;
				CLANG_WARN_NON_LITERAL_NULL_CONVERSION = YES;
				CLANG_WARN_OBJC_IMPLICIT_RETAIN_SELF = YES;
				CLANG_WARN_OBJC_LITERAL_CONVERSION = YES;
				CLANG_WARN_OBJC_ROOT_CLASS = YES_ERROR;
				CLANG_WARN_QUOTED_INCLUDE_IN_FRAMEWORK_HEADER = YES;
				CLANG_WARN_RANGE_LOOP_ANALYSIS = YES;
				CLANG_WARN_STRICT_PROTOTYPES = YES;
				CLANG_WARN_SUSPICIOUS_MOVE = YES;
				CLANG_WARN_UNGUARDED_AVAILABILITY = YES_AGGRESSIVE;
				CLANG_WARN_UNREACHABLE_CODE = YES;
				CLANG_WARN__DUPLICATE_METHOD_MATCH = YES;
				COPY_PHASE_STRIP = NO;
				DEBUG_INFORMATION_FORMAT = "dwarf-with-dsym";
				DEVELOPMENT_TEAM = RXKPBV2A4D;
				ENABLE_NS_ASSERTIONS = NO;
				ENABLE_STRICT_OBJC_MSGSEND = YES;
				ENABLE_USER_SCRIPT_SANDBOXING = YES;
				GCC_C_LANGUAGE_STANDARD = gnu17;
				GCC_NO_COMMON_BLOCKS = YES;
				GCC_WARN_64_TO_32_BIT_CONVERSION = YES;
				GCC_WARN_ABOUT_RETURN_TYPE = YES_ERROR;
				GCC_WARN_UNDECLARED_SELECTOR = YES;
				GCC_WARN_UNINITIALIZED_AUTOS = YES_AGGRESSIVE;
				GCC_WARN_UNUSED_FUNCTION = YES;
				GCC_WARN_UNUSED_VARIABLE = YES;
				IPHONEOS_DEPLOYMENT_TARGET = 26.5;
				LOCALIZATION_PREFERS_STRING_CATALOGS = YES;
				MTL_ENABLE_DEBUG_INFO = NO;
				MTL_FAST_MATH = YES;
				SDKROOT = iphoneos;
				SWIFT_COMPILATION_MODE = wholemodule;
				VALIDATE_PRODUCT = YES;
			};
			name = Release;
		};
		80325AAC2FFED8DF00308486 /* Debug */ = {
			isa = XCBuildConfiguration;
			buildSettings = {
				ASSETCATALOG_COMPILER_APPICON_NAME = AppIcon;
				ASSETCATALOG_COMPILER_GLOBAL_ACCENT_COLOR_NAME = AccentColor;
				CODE_SIGN_STYLE = Automatic;
				CURRENT_PROJECT_VERSION = 1;
				DEVELOPMENT_TEAM = RXKPBV2A4D;
				ENABLE_PREVIEWS = YES;
				GENERATE_INFOPLIST_FILE = YES;
				INFOPLIST_FILE = Sorriva/Info.plist;
				INFOPLIST_KEY_NSLocalNetworkUsageDescription = "Sorriva needs access to your local network to discover and control Sonos and Bluesound speakers.";
				INFOPLIST_KEY_UIApplicationSceneManifest_Generation = YES;
				INFOPLIST_KEY_UIApplicationSupportsIndirectInputEvents = YES;
				INFOPLIST_KEY_UILaunchScreen_Generation = YES;
				INFOPLIST_KEY_UISupportedInterfaceOrientations_iPad = "UIInterfaceOrientationPortrait UIInterfaceOrientationPortraitUpsideDown UIInterfaceOrientationLandscapeLeft UIInterfaceOrientationLandscapeRight";
				INFOPLIST_KEY_UISupportedInterfaceOrientations_iPhone = "UIInterfaceOrientationPortrait UIInterfaceOrientationLandscapeLeft UIInterfaceOrientationLandscapeRight";
				LD_RUNPATH_SEARCH_PATHS = (
					"$(inherited)",
					"@executable_path/Frameworks",
				);
				MARKETING_VERSION = 1.0;
				PRODUCT_BUNDLE_IDENTIFIER = app.sorriva.ios;
				PRODUCT_NAME = "$(TARGET_NAME)";
				STRING_CATALOG_GENERATE_SYMBOLS = YES;
				SWIFT_APPROACHABLE_CONCURRENCY = YES;
				SWIFT_DEFAULT_ACTOR_ISOLATION = MainActor;
				SWIFT_EMIT_LOC_STRINGS = YES;
				SWIFT_UPCOMING_FEATURE_MEMBER_IMPORT_VISIBILITY = YES;
				SWIFT_VERSION = 5.0;
				TARGETED_DEVICE_FAMILY = "1,2";
			};
			name = Debug;
		};
		80325AAD2FFED8DF00308486 /* Release */ = {
			isa = XCBuildConfiguration;
			buildSettings = {
				ASSETCATALOG_COMPILER_APPICON_NAME = AppIcon;
				ASSETCATALOG_COMPILER_GLOBAL_ACCENT_COLOR_NAME = AccentColor;
				CODE_SIGN_STYLE = Automatic;
				CURRENT_PROJECT_VERSION = 1;
				DEVELOPMENT_TEAM = RXKPBV2A4D;
				ENABLE_PREVIEWS = YES;
				GENERATE_INFOPLIST_FILE = YES;
				INFOPLIST_FILE = Sorriva/Info.plist;
				INFOPLIST_KEY_NSLocalNetworkUsageDescription = "Sorriva needs access to your local network to discover and control Sonos and Bluesound speakers.";
				INFOPLIST_KEY_UIApplicationSceneManifest_Generation = YES;
				INFOPLIST_KEY_UIApplicationSupportsIndirectInputEvents = YES;
				INFOPLIST_KEY_UILaunchScreen_Generation = YES;
				INFOPLIST_KEY_UISupportedInterfaceOrientations_iPad = "UIInterfaceOrientationPortrait UIInterfaceOrientationPortraitUpsideDown UIInterfaceOrientationLandscapeLeft UIInterfaceOrientationLandscapeRight";
				INFOPLIST_KEY_UISupportedInterfaceOrientations_iPhone = "UIInterfaceOrientationPortrait UIInterfaceOrientationLandscapeLeft UIInterfaceOrientationLandscapeRight";
				LD_RUNPATH_SEARCH_PATHS = (
					"$(inherited)",
					"@executable_path/Frameworks",
				);
				MARKETING_VERSION = 1.0;
				PRODUCT_BUNDLE_IDENTIFIER = app.sorriva.ios;
				PRODUCT_NAME = "$(TARGET_NAME)";
				STRING_CATALOG_GENERATE_SYMBOLS = YES;
				SWIFT_APPROACHABLE_CONCURRENCY = YES;
				SWIFT_DEFAULT_ACTOR_ISOLATION = MainActor;
				SWIFT_EMIT_LOC_STRINGS = YES;
				SWIFT_UPCOMING_FEATURE_MEMBER_IMPORT_VISIBILITY = YES;
				SWIFT_VERSION = 5.0;
				TARGETED_DEVICE_FAMILY = "1,2";
			};
			name = Release;
		};
/* End XCBuildConfiguration section */

/* Begin XCConfigurationList section */
		80325A9B2FFED8DE00308486 /* Build configuration list for PBXProject "Sorriva" */ = {
			isa = XCConfigurationList;
			buildConfigurations = (
				80325AA92FFED8DF00308486 /* Debug */,
				80325AAA2FFED8DF00308486 /* Release */,
			);
			defaultConfigurationIsVisible = 0;
			defaultConfigurationName = Release;
		};
		80325AAB2FFED8DF00308486 /* Build configuration list for PBXNativeTarget "Sorriva" */ = {
			isa = XCConfigurationList;
			buildConfigurations = (
				80325AAC2FFED8DF00308486 /* Debug */,
				80325AAD2FFED8DF00308486 /* Release */,
			);
			defaultConfigurationIsVisible = 0;
			defaultConfigurationName = Release;
		};
/* End XCConfigurationList section */

/* Begin XCRemoteSwiftPackageReference section */
		80325AD63001436B00308486 /* XCRemoteSwiftPackageReference "GRDB" */ = {
			isa = XCRemoteSwiftPackageReference;
			repositoryURL = "https://github.com/groue/GRDB.swift";
			requirement = {
				branch = master;
				kind = branch;
			};
		};
		805A16D73006BD4D00AF3100 /* XCRemoteSwiftPackageReference "SMBClient" */ = {
			isa = XCRemoteSwiftPackageReference;
			repositoryURL = "https://github.com/kishikawakatsumi/SMBClient";
			requirement = {
				kind = upToNextMajorVersion;
				minimumVersion = 0.3.1;
			};
		};
		805A16E33007403E00AF3100 /* XCRemoteSwiftPackageReference "Telegraph" */ = {
			isa = XCRemoteSwiftPackageReference;
			repositoryURL = "https://github.com/Building42/Telegraph";
			requirement = {
				kind = upToNextMajorVersion;
				minimumVersion = 0.40.0;
			};
		};
		80E293E330114DAA0031E31D /* XCRemoteSwiftPackageReference "ZIPFoundation" */ = {
			isa = XCRemoteSwiftPackageReference;
			repositoryURL = "https://github.com/weichsel/ZIPFoundation";
			requirement = {
				kind = upToNextMajorVersion;
				minimumVersion = 0.9.20;
			};
		};
/* End XCRemoteSwiftPackageReference section */

/* Begin XCSwiftPackageProductDependency section */
		80325AD73001436B00308486 /* GRDB */ = {
			isa = XCSwiftPackageProductDependency;
			package = 80325AD63001436B00308486 /* XCRemoteSwiftPackageReference "GRDB" */;
			productName = GRDB;
		};
		805A16CF3006B1BA00AF3100 /* SMBClient */ = {
			isa = XCSwiftPackageProductDependency;
			productName = SMBClient;
		};
		805A16D53006BAE200AF3100 /* SMBClient */ = {
			isa = XCSwiftPackageProductDependency;
			productName = SMBClient;
		};
		805A16D83006BD4D00AF3100 /* SMBClient */ = {
			isa = XCSwiftPackageProductDependency;
			package = 805A16D73006BD4D00AF3100 /* XCRemoteSwiftPackageReference "SMBClient" */;
			productName = SMBClient;
		};
		805A16E43007403E00AF3100 /* Telegraph */ = {
			isa = XCSwiftPackageProductDependency;
			package = 805A16E33007403E00AF3100 /* XCRemoteSwiftPackageReference "Telegraph" */;
			productName = Telegraph;
		};
		80E293E430114DAA0031E31D /* ZIPFoundation */ = {
			isa = XCSwiftPackageProductDependency;
			package = 80E293E330114DAA0031E31D /* XCRemoteSwiftPackageReference "ZIPFoundation" */;
			productName = ZIPFoundation;
		};
/* End XCSwiftPackageProductDependency section */
	};
	rootObject = 80325A982FFED8DE00308486 /* Project object */;
}
