{
  "originHash" : "f1934491e06f280156943444c19ac90ff7087305cfd7624f3d0a5b4f135d014d",
  "pins" : [
    {
      "identity" : "amsmb2",
      "kind" : "remoteSourceControl",
      "location" : "https://github.com/amosavian/AMSMB2",
      "state" : {
        "revision" : "1726aaaf7adf63d7d1d2a0c5d1b0e635028215c0",
        "version" : "4.0.3"
      }
    },
    {
      "identity" : "grdb.swift",
      "kind" : "remoteSourceControl",
      "location" : "https://github.com/groue/GRDB.swift",
      "state" : {
        "branch" : "master",
        "revision" : "b83108d10f42680d78f23fe4d4d80fc88dab3212"
      }
    }
  ],
  "version" : 3
}
